
Microsoft Visual Studio Solution File, Format Version 12.00
# Visual Studio Version 17
VisualStudioVersion = 17.5.002.0
MinimumVisualStudioVersion = 10.0.40219.1
Project("{9A19103F-16F7-4668-BE54-9A1E7A4F7556}") = "CurrencyConverter", "CurrencyConverter\CurrencyConverter.csproj", "{56F6B548-3833-46A1-A820-C0BEECAD7516}"
EndProject
Global
	GlobalSection(SolutionConfigurationPlatforms) = preSolution
		Debug|Any CPU = Debug|Any CPU
		Release|Any CPU = Release|Any CPU
	EndGlobalSection
	GlobalSection(ProjectConfigurationPlatforms) = postSolution
		{56F6B548-3833-46A1-A820-C0BEECAD7516}.Debug|Any CPU.ActiveCfg = Debug|Any CPU
		{56F6B548-3833-46A1-A820-C0BEECAD7516}.Debug|Any CPU.Build.0 = Debug|Any CPU
		{56F6B548-3833-46A1-A820-C0BEECAD7516}.Release|Any CPU.ActiveCfg = Release|Any CPU
		{56F6B548-3833-46A1-A820-C0BEECAD7516}.Release|Any CPU.Build.0 = Release|Any CPU
	EndGlobalSection
	GlobalSection(SolutionProperties) = preSolution
		HideSolutionNode = FALSE
	EndGlobalSection
	GlobalSection(ExtensibilityGlobals) = postSolution
		SolutionGuid = {F3299BD4-726D-40B8-AECE-1EF5BD8D7C52}
	EndGlobalSection
EndGlobal
